
Microsoft Visual Studio Solution File, Format Version 12.00
# Visual Studio Version 17
VisualStudioVersion = 17.14.36414.22
MinimumVisualStudioVersion = 10.0.40219.1
Project("{FAE04EC0-301F-11D3-BF4B-00C04F79EFBC}") = "Math-Operations-Dispatcher", "Math-Operations-Dispatcher\Math-Operations-Dispatcher.csproj", "{3F31C09B-4ACF-4E53-A740-DA7E46740704}"
EndProject
Project("{FAE04EC0-301F-11D3-BF4B-00C04F79EFBC}") = "Color-Transformer", "Color-Transformer\Color-Transformer.csproj", "{9FED9AD5-C633-4EC7-A8CC-A4F4E524A817}"
EndProject
Project("{FAE04EC0-301F-11D3-BF4B-00C04F79EFBC}") = "Textbook-Problem-14-1", "Textbook-Problem-14-1\Textbook-Problem-14-1.csproj", "{4590C2CA-86BE-49C6-858D-88C8CC290CF6}"
EndProject
Global
	GlobalSection(SolutionConfigurationPlatforms) = preSolution
		Debug|Any CPU = Debug|Any CPU
		Release|Any CPU = Release|Any CPU
	EndGlobalSection
	GlobalSection(ProjectConfigurationPlatforms) = postSolution
		{3F31C09B-4ACF-4E53-A740-DA7E46740704}.Debug|Any CPU.ActiveCfg = Debug|Any CPU
		{3F31C09B-4ACF-4E53-A740-DA7E46740704}.Debug|Any CPU.Build.0 = Debug|Any CPU
		{3F31C09B-4ACF-4E53-A740-DA7E46740704}.Release|Any CPU.ActiveCfg = Release|Any CPU
		{3F31C09B-4ACF-4E53-A740-DA7E46740704}.Release|Any CPU.Build.0 = Release|Any CPU
		{9FED9AD5-C633-4EC7-A8CC-A4F4E524A817}.Debug|Any CPU.ActiveCfg = Debug|Any CPU
		{9FED9AD5-C633-4EC7-A8CC-A4F4E524A817}.Debug|Any CPU.Build.0 = Debug|Any CPU
		{9FED9AD5-C633-4EC7-A8CC-A4F4E524A817}.Release|Any CPU.ActiveCfg = Release|Any CPU
		{9FED9AD5-C633-4EC7-A8CC-A4F4E524A817}.Release|Any CPU.Build.0 = Release|Any CPU
		{4590C2CA-86BE-49C6-858D-88C8CC290CF6}.Debug|Any CPU.ActiveCfg = Debug|Any CPU
		{4590C2CA-86BE-49C6-858D-88C8CC290CF6}.Debug|Any CPU.Build.0 = Debug|Any CPU
		{4590C2CA-86BE-49C6-858D-88C8CC290CF6}.Release|Any CPU.ActiveCfg = Release|Any CPU
		{4590C2CA-86BE-49C6-858D-88C8CC290CF6}.Release|Any CPU.Build.0 = Release|Any CPU
	EndGlobalSection
	GlobalSection(SolutionProperties) = preSolution
		HideSolutionNode = FALSE
	EndGlobalSection
	GlobalSection(ExtensibilityGlobals) = postSolution
		SolutionGuid = {F15681E1-7157-4E19-BB74-64CE722E0E78}
	EndGlobalSection
EndGlobal
